
Microsoft Visual Studio Solution File, Format Version 12.00
# Visual Studio Version 16
VisualStudioVersion = 16.0.30907.101
MinimumVisualStudioVersion = 10.0.40219.1
Project("{FAE04EC0-301F-11D3-BF4B-00C04F79EFBC}") = "OnlineExamBD", "OnlineExamBD\OnlineExamBD.csproj", "{6A715230-0EDA-487A-9E2E-3DFCDB3E4DE5}"
EndProject
Project("{FAE04EC0-301F-11D3-BF4B-00C04F79EFBC}") = "Services", "Services\Services.csproj", "{F37C7EF4-F122-4F25-BA89-7E835181A8B4}"
EndProject
Project("{FAE04EC0-301F-11D3-BF4B-00C04F79EFBC}") = "Core", "Core\Core.csproj", "{F91E6BB1-DE30-4F93-84C0-E929940B2EEF}"
EndProject
Global
	GlobalSection(SolutionConfigurationPlatforms) = preSolution
		Debug|Any CPU = Debug|Any CPU
		Release|Any CPU = Release|Any CPU
	EndGlobalSection
	GlobalSection(ProjectConfigurationPlatforms) = postSolution
		{6A715230-0EDA-487A-9E2E-3DFCDB3E4DE5}.Debug|Any CPU.ActiveCfg = Debug|Any CPU
		{6A715230-0EDA-487A-9E2E-3DFCDB3E4DE5}.Debug|Any CPU.Build.0 = Debug|Any CPU
		{6A715230-0EDA-487A-9E2E-3DFCDB3E4DE5}.Release|Any CPU.ActiveCfg = Release|Any CPU
		{6A715230-0EDA-487A-9E2E-3DFCDB3E4DE5}.Release|Any CPU.Build.0 = Release|Any CPU
		{F37C7EF4-F122-4F25-BA89-7E835181A8B4}.Debug|Any CPU.ActiveCfg = Debug|Any CPU
		{F37C7EF4-F122-4F25-BA89-7E835181A8B4}.Debug|Any CPU.Build.0 = Debug|Any CPU
		{F37C7EF4-F122-4F25-BA89-7E835181A8B4}.Release|Any CPU.ActiveCfg = Release|Any CPU
		{F37C7EF4-F122-4F25-BA89-7E835181A8B4}.Release|Any CPU.Build.0 = Release|Any CPU
		{F91E6BB1-DE30-4F93-84C0-E929940B2EEF}.Debug|Any CPU.ActiveCfg = Debug|Any CPU
		{F91E6BB1-DE30-4F93-84C0-E929940B2EEF}.Debug|Any CPU.Build.0 = Debug|Any CPU
		{F91E6BB1-DE30-4F93-84C0-E929940B2EEF}.Release|Any CPU.ActiveCfg = Release|Any CPU
		{F91E6BB1-DE30-4F93-84C0-E929940B2EEF}.Release|Any CPU.Build.0 = Release|Any CPU
	EndGlobalSection
	GlobalSection(SolutionProperties) = preSolution
		HideSolutionNode = FALSE
	EndGlobalSection
	GlobalSection(ExtensibilityGlobals) = postSolution
		SolutionGuid = {11009D41-EF76-498E-A2D5-5D90ABB52F33}
	EndGlobalSection
EndGlobal
